# This file is automatically @generated by Cargo.
# It is not intended for manual editing.
version = 3

[[package]]
name = "gorce"
version = "0.1.0"
dependencies = [
 "gorce-daemon",
 "gorce-sdk",
 "gorce-tui",
]

[[package]]
name = "gorce-agent"
version = "0.1.0"
dependencies = [
 "gorce-core",
 "gorce-protocol",
 "gorce-store",
]

[[package]]
name = "gorce-core"
version = "0.1.0"
dependencies = [
 "gorce-protocol",
]

[[package]]
name = "gorce-daemon"
version = "0.1.0"
dependencies = [
 "gorce-agent",
]

[[package]]
name = "gorce-protocol"
version = "0.1.0"

[[package]]
name = "gorce-sdk"
version = "0.1.0"
dependencies = [
 "gorce-protocol",
]

[[package]]
name = "gorce-store"
version = "0.1.0"
dependencies = [
 "gorce-core",
]

[[package]]
name = "gorce-tui"
version = "0.1.0"
dependencies = [
 "gorce-sdk",
]

[[package]]
name = "xtask"
version = "0.1.0"
